
Microsoft Visual Studio Solution File, Format Version 11.00
# Visual Studio 2010
Project("{FAE04EC0-301F-11D3-BF4B-00C04F79EFBC}") = "Assembly-CSharp", "Assembly-CSharp.csproj", "{F236A0A1-0C3E-F600-C97B-BDF01C410922}"
EndProject
Project("{FAE04EC0-301F-11D3-BF4B-00C04F79EFBC}") = "Assembly-CSharp-Editor", "Assembly-CSharp-Editor.csproj", "{288C4AF1-0ECC-4D7B-3260-1D8E2FD974DD}"
EndProject
Global
	GlobalSection(SolutionConfigurationPlatforms) = preSolution
		Debug|Any CPU = Debug|Any CPU
		Release|Any CPU = Release|Any CPU
	EndGlobalSection
	GlobalSection(ProjectConfigurationPlatforms) = postSolution
		{F236A0A1-0C3E-F600-C97B-BDF01C410922}.Debug|Any CPU.ActiveCfg = Debug|Any CPU
		{F236A0A1-0C3E-F600-C97B-BDF01C410922}.Debug|Any CPU.Build.0 = Debug|Any CPU
		{F236A0A1-0C3E-F600-C97B-BDF01C410922}.Release|Any CPU.ActiveCfg = Release|Any CPU
		{F236A0A1-0C3E-F600-C97B-BDF01C410922}.Release|Any CPU.Build.0 = Release|Any CPU
		{288C4AF1-0ECC-4D7B-3260-1D8E2FD974DD}.Debug|Any CPU.ActiveCfg = Debug|Any CPU
		{288C4AF1-0ECC-4D7B-3260-1D8E2FD974DD}.Debug|Any CPU.Build.0 = Debug|Any CPU
		{288C4AF1-0ECC-4D7B-3260-1D8E2FD974DD}.Release|Any CPU.ActiveCfg = Release|Any CPU
		{288C4AF1-0ECC-4D7B-3260-1D8E2FD974DD}.Release|Any CPU.Build.0 = Release|Any CPU
	EndGlobalSection
	GlobalSection(SolutionProperties) = preSolution
		HideSolutionNode = FALSE
	EndGlobalSection
												GlobalSection(MonoDevelopProperties) = preSolution
		StartupItem = Assembly-CSharp.csproj
		Policies = $0
		$0.TextStylePolicy = $1
		$1.inheritsSet = null
		$1.scope = text/x-csharp
		$0.CSharpFormattingPolicy = $2
		$2.inheritsSet = Mono
		$2.inheritsScope = text/x-csharp
		$2.scope = text/x-csharp
		$0.TextStylePolicy = $3
		$3.FileWidth = 120
		$3.TabWidth = 4
		$3.IndentWidth = 4
		$3.EolMarker = Unix
		$3.inheritsSet = Mono
		$3.inheritsScope = text/plain
		$3.scope = text/plain
	EndGlobalSection
EndGlobal
